
Microsoft Visual Studio Solution File, Format Version 12.00
# Visual Studio Version 16
VisualStudioVersion = 16.0.30002.166
MinimumVisualStudioVersion = 10.0.40219.1
Project("{9A19103F-16F7-4668-BE54-9A1E7A4F7556}") = "EcomShop.API", "CQRS.WebApi\EcomShop.API.csproj", "{1502BACE-D365-4E0F-B295-A7960D9C2C59}"
EndProject
Project("{9A19103F-16F7-4668-BE54-9A1E7A4F7556}") = "EcomShop.Domain", "EcomShop.Domain\EcomShop.Domain.csproj", "{DFDBB4EE-15B6-41DA-9AE7-DE171D19952A}"
EndProject
Project("{9A19103F-16F7-4668-BE54-9A1E7A4F7556}") = "EcomShop.Infrastructure", "EcomShop.Infrastructure\EcomShop.Infrastructure.csproj", "{AA2E911D-D41C-441A-8009-E81364C1FCE0}"
EndProject
Project("{9A19103F-16F7-4668-BE54-9A1E7A4F7556}") = "EcomShop.Application", "EcomShop.Application\EcomShop.Application.csproj", "{5301C977-4EDF-48C1-8A10-A1D1628C5CF8}"
EndProject
Project("{2150E333-8FDC-42A3-9474-1A3956D46DE8}") = "ARM Templates", "ARM Templates", "{75A4BE5A-D0EB-40B3-91B9-1F861864F4E9}"
EndProject
Project("{2150E333-8FDC-42A3-9474-1A3956D46DE8}") = "Azure Pipelines", "Azure Pipelines", "{A19A8E75-B9CB-4285-8A3B-03F97A8AEB84}"
EndProject
Project("{2150E333-8FDC-42A3-9474-1A3956D46DE8}") = "Tests", "Tests", "{66F39EE4-B3AB-42D9-B10F-3AA91841BAED}"
EndProject
Project("{FAE04EC0-301F-11D3-BF4B-00C04F79EFBC}") = "EcomShop.IntegrationTests", "Tests\EcomShop.IntegrationTests\EcomShop.IntegrationTests\EcomShop.IntegrationTests.csproj", "{0797DE0C-57A3-487E-AD39-6EA2DF793466}"
EndProject
Project("{FAE04EC0-301F-11D3-BF4B-00C04F79EFBC}") = "EcomShop.UnitTests", "Tests\EcomShop.UnitTests\EcomShop.UnitTests\EcomShop.UnitTests.csproj", "{AD55938A-5D96-4A4A-9805-5FABCC46774C}"
EndProject
Global
	GlobalSection(SolutionConfigurationPlatforms) = preSolution
		Debug|Any CPU = Debug|Any CPU
		Release|Any CPU = Release|Any CPU
	EndGlobalSection
	GlobalSection(ProjectConfigurationPlatforms) = postSolution
		{1502BACE-D365-4E0F-B295-A7960D9C2C59}.Debug|Any CPU.ActiveCfg = Debug|Any CPU
		{1502BACE-D365-4E0F-B295-A7960D9C2C59}.Debug|Any CPU.Build.0 = Debug|Any CPU
		{1502BACE-D365-4E0F-B295-A7960D9C2C59}.Release|Any CPU.ActiveCfg = Release|Any CPU
		{1502BACE-D365-4E0F-B295-A7960D9C2C59}.Release|Any CPU.Build.0 = Release|Any CPU
		{DFDBB4EE-15B6-41DA-9AE7-DE171D19952A}.Debug|Any CPU.ActiveCfg = Debug|Any CPU
		{DFDBB4EE-15B6-41DA-9AE7-DE171D19952A}.Debug|Any CPU.Build.0 = Debug|Any CPU
		{DFDBB4EE-15B6-41DA-9AE7-DE171D19952A}.Release|Any CPU.ActiveCfg = Release|Any CPU
		{DFDBB4EE-15B6-41DA-9AE7-DE171D19952A}.Release|Any CPU.Build.0 = Release|Any CPU
		{AA2E911D-D41C-441A-8009-E81364C1FCE0}.Debug|Any CPU.ActiveCfg = Debug|Any CPU
		{AA2E911D-D41C-441A-8009-E81364C1FCE0}.Debug|Any CPU.Build.0 = Debug|Any CPU
		{AA2E911D-D41C-441A-8009-E81364C1FCE0}.Release|Any CPU.ActiveCfg = Release|Any CPU
		{AA2E911D-D41C-441A-8009-E81364C1FCE0}.Release|Any CPU.Build.0 = Release|Any CPU
		{5301C977-4EDF-48C1-8A10-A1D1628C5CF8}.Debug|Any CPU.ActiveCfg = Debug|Any CPU
		{5301C977-4EDF-48C1-8A10-A1D1628C5CF8}.Debug|Any CPU.Build.0 = Debug|Any CPU
		{5301C977-4EDF-48C1-8A10-A1D1628C5CF8}.Release|Any CPU.ActiveCfg = Release|Any CPU
		{5301C977-4EDF-48C1-8A10-A1D1628C5CF8}.Release|Any CPU.Build.0 = Release|Any CPU
		{0797DE0C-57A3-487E-AD39-6EA2DF793466}.Debug|Any CPU.ActiveCfg = Debug|Any CPU
		{0797DE0C-57A3-487E-AD39-6EA2DF793466}.Debug|Any CPU.Build.0 = Debug|Any CPU
		{0797DE0C-57A3-487E-AD39-6EA2DF793466}.Release|Any CPU.ActiveCfg = Release|Any CPU
		{0797DE0C-57A3-487E-AD39-6EA2DF793466}.Release|Any CPU.Build.0 = Release|Any CPU
		{AD55938A-5D96-4A4A-9805-5FABCC46774C}.Debug|Any CPU.ActiveCfg = Debug|Any CPU
		{AD55938A-5D96-4A4A-9805-5FABCC46774C}.Debug|Any CPU.Build.0 = Debug|Any CPU
		{AD55938A-5D96-4A4A-9805-5FABCC46774C}.Release|Any CPU.ActiveCfg = Release|Any CPU
		{AD55938A-5D96-4A4A-9805-5FABCC46774C}.Release|Any CPU.Build.0 = Release|Any CPU
	EndGlobalSection
	GlobalSection(SolutionProperties) = preSolution
		HideSolutionNode = FALSE
	EndGlobalSection
	GlobalSection(NestedProjects) = preSolution
		{0797DE0C-57A3-487E-AD39-6EA2DF793466} = {66F39EE4-B3AB-42D9-B10F-3AA91841BAED}
		{AD55938A-5D96-4A4A-9805-5FABCC46774C} = {66F39EE4-B3AB-42D9-B10F-3AA91841BAED}
	EndGlobalSection
	GlobalSection(ExtensibilityGlobals) = postSolution
		SolutionGuid = {4F7EAE57-0B73-42AF-AFA5-93DD7EA85AD8}
	EndGlobalSection
EndGlobal
